
Microsoft Visual Studio Solution File, Format Version 12.00
# Visual Studio Version 17
VisualStudioVersion = 17.1.32319.34
MinimumVisualStudioVersion = 10.0.40219.1
Project("{FAE04EC0-301F-11D3-BF4B-00C04F79EFBC}") = "OnlineFoodShop", "OnlineFoodShop\OnlineFoodShop.csproj", "{FEC50A7C-69FF-42BC-867F-B4386F3BF046}"
EndProject
Global
	GlobalSection(SolutionConfigurationPlatforms) = preSolution
		Debug|Any CPU = Debug|Any CPU
		Release|Any CPU = Release|Any CPU
	EndGlobalSection
	GlobalSection(ProjectConfigurationPlatforms) = postSolution
		{FEC50A7C-69FF-42BC-867F-B4386F3BF046}.Debug|Any CPU.ActiveCfg = Debug|Any CPU
		{FEC50A7C-69FF-42BC-867F-B4386F3BF046}.Debug|Any CPU.Build.0 = Debug|Any CPU
		{FEC50A7C-69FF-42BC-867F-B4386F3BF046}.Release|Any CPU.ActiveCfg = Release|Any CPU
		{FEC50A7C-69FF-42BC-867F-B4386F3BF046}.Release|Any CPU.Build.0 = Release|Any CPU
	EndGlobalSection
	GlobalSection(SolutionProperties) = preSolution
		HideSolutionNode = FALSE
	EndGlobalSection
	GlobalSection(ExtensibilityGlobals) = postSolution
		SolutionGuid = {3E400319-7C34-4740-9CD7-EE2033BBA2C8}
	EndGlobalSection
EndGlobal
